// !$*UTF8*$!
{
	archiveVersion = 1;
	classes = {
	};
	objectVersion = 55;
	objects = {

/* Begin PBXBuildFile section */
		AF0EC12127E91D2E002F7E7F /* LocalNotificationManager.swift in Sources */ = {isa = PBXBuildFile; fileRef = AF0EC12027E91D2E002F7E7F /* LocalNotificationManager.swift */; };
		AF0EC15F27ED0146002F7E7F /* AddStationView.swift in Sources */ = {isa = PBXBuildFile; fileRef = AF0EC15E27ED0146002F7E7F /* AddStationView.swift */; };
		AF0EC16227EDDC24002F7E7F /* pl.xcloc in Resources */ = {isa = PBXBuildFile; fileRef = AF0EC16127EDDC24002F7E7F /* pl.xcloc */; };
		AF0EC16427EDDCB8002F7E7F /* en.xcloc in Resources */ = {isa = PBXBuildFile; fileRef = AF0EC16327EDDCB8002F7E7F /* en.xcloc */; };
		AF0EC16727EDDD2C002F7E7F /* Localizable.strings in Resources */ = {isa = PBXBuildFile; fileRef = AF0EC16527EDDD2C002F7E7F /* Localizable.strings */; };
		AF0EC16B27EDF7A5002F7E7F /* pl.xcloc in Resources */ = {isa = PBXBuildFile; fileRef = AF0EC16927EDF7A5002F7E7F /* pl.xcloc */; };
		AF0EC16C27EDF7A5002F7E7F /* en.xcloc in Resources */ = {isa = PBXBuildFile; fileRef = AF0EC16A27EDF7A5002F7E7F /* en.xcloc */; };
		AF0EC16E27F3853C002F7E7F /* PetrolStationController.swift in Sources */ = {isa = PBXBuildFile; fileRef = AF0EC16D27F3853C002F7E7F /* PetrolStationController.swift */; };
		AF0EC17027F38607002F7E7F /* DataOperationController.swift in Sources */ = {isa = PBXBuildFile; fileRef = AF0EC16F27F38607002F7E7F /* DataOperationController.swift */; };
		AF3C1FE3283625E3004C15D1 /* FirebaseAuth in Frameworks */ = {isa = PBXBuildFile; productRef = AF3C1FE2283625E3004C15D1 /* FirebaseAuth */; };
		AF3C1FE5283625E3004C15D1 /* FirebaseDatabase in Frameworks */ = {isa = PBXBuildFile; productRef = AF3C1FE4283625E3004C15D1 /* FirebaseDatabase */; };
		AF3C1FE7283625E3004C15D1 /* FirebaseDatabaseSwift in Frameworks */ = {isa = PBXBuildFile; productRef = AF3C1FE6283625E3004C15D1 /* FirebaseDatabaseSwift */; };
		AF3C1FE9283625E3004C15D1 /* FirebaseFirestore in Frameworks */ = {isa = PBXBuildFile; productRef = AF3C1FE8283625E3004C15D1 /* FirebaseFirestore */; };
		AF3C1FEB283625E3004C15D1 /* FirebaseFirestoreSwift in Frameworks */ = {isa = PBXBuildFile; productRef = AF3C1FEA283625E3004C15D1 /* FirebaseFirestoreSwift */; };
		AF3C1FED283625E3004C15D1 /* FirebaseStorage in Frameworks */ = {isa = PBXBuildFile; productRef = AF3C1FEC283625E3004C15D1 /* FirebaseStorage */; };
		AFB8AD9227D9111F00EBB37B /* Fuel_ItApp.swift in Sources */ = {isa = PBXBuildFile; fileRef = AFB8AD9127D9111F00EBB37B /* Fuel_ItApp.swift */; };
		AFB8AD9427D9111F00EBB37B /* ContentView.swift in Sources */ = {isa = PBXBuildFile; fileRef = AFB8AD9327D9111F00EBB37B /* ContentView.swift */; };
		AFB8AD9627D9111F00EBB37B /* Assets.xcassets in Resources */ = {isa = PBXBuildFile; fileRef = AFB8AD9527D9111F00EBB37B /* Assets.xcassets */; };
		AFB8AD9927D9111F00EBB37B /* Preview Assets.xcassets in Resources */ = {isa = PBXBuildFile; fileRef = AFB8AD9827D9111F00EBB37B /* Preview Assets.xcassets */; };
		AFB8AD9B27D9111F00EBB37B /* Persistence.swift in Sources */ = {isa = PBXBuildFile; fileRef = AFB8AD9A27D9111F00EBB37B /* Persistence.swift */; };
		AFB8AD9E27D9111F00EBB37B /* Fuel_It.xcdatamodeld in Sources */ = {isa = PBXBuildFile; fileRef = AFB8AD9C27D9111F00EBB37B /* Fuel_It.xcdatamodeld */; };
		AFB8ADA927D9194300EBB37B /* HomeView.swift in Sources */ = {isa = PBXBuildFile; fileRef = AFB8ADA827D9194300EBB37B /* HomeView.swift */; };
		AFB8ADAB27D9453600EBB37B /* SettingsView.swift in Sources */ = {isa = PBXBuildFile; fileRef = AFB8ADAA27D9453600EBB37B /* SettingsView.swift */; };
		AFB8ADAD27D9475D00EBB37B /* NearbyView.swift in Sources */ = {isa = PBXBuildFile; fileRef = AFB8ADAC27D9475D00EBB37B /* NearbyView.swift */; };
		AFE7E26927DCB96500D1EF15 /* GoogleService-Info.plist in Resources */ = {isa = PBXBuildFile; fileRef = AFE7E26827DCB96500D1EF15 /* GoogleService-Info.plist */; };
		AFE7E27E27DCBED600D1EF15 /* PetrolStation.swift in Sources */ = {isa = PBXBuildFile; fileRef = AFE7E27D27DCBED600D1EF15 /* PetrolStation.swift */; };
		AFE7E28227DD264E00D1EF15 /* StationDetailView.swift in Sources */ = {isa = PBXBuildFile; fileRef = AFE7E28127DD264E00D1EF15 /* StationDetailView.swift */; };
		AFE7E28827DD341C00D1EF15 /* data.txt in Resources */ = {isa = PBXBuildFile; fileRef = AFE7E28727DD341C00D1EF15 /* data.txt */; };
		AFE7E28A27DD49DC00D1EF15 /* EditFuelPricesView.swift in Sources */ = {isa = PBXBuildFile; fileRef = AFE7E28927DD49DC00D1EF15 /* EditFuelPricesView.swift */; };
/* End PBXBuildFile section */

/* Begin PBXFileReference section */
		AF0EC12027E91D2E002F7E7F /* LocalNotificationManager.swift */ = {isa = PBXFileReference; lastKnownFileType = sourcecode.swift; path = LocalNotificationManager.swift; sourceTree = "<group>"; };
		AF0EC15E27ED0146002F7E7F /* AddStationView.swift */ = {isa = PBXFileReference; lastKnownFileType = sourcecode.swift; path = AddStationView.swift; sourceTree = "<group>"; };
		AF0EC16127EDDC24002F7E7F /* pl.xcloc */ = {isa = PBXFileReference; lastKnownFileType = wrapper; name = pl.xcloc; path = "Fuel It/Views/Fuel It Localizations/pl.xcloc"; sourceTree = "<group>"; };
		AF0EC16327EDDCB8002F7E7F /* en.xcloc */ = {isa = PBXFileReference; lastKnownFileType = wrapper; name = en.xcloc; path = "Fuel It/Views/Fuel It Localizations/en.xcloc"; sourceTree = "<group>"; };
		AF0EC16627EDDD2C002F7E7F /* en */ = {isa = PBXFileReference; lastKnownFileType = text.plist.strings; name = en; path = en.lproj/Localizable.strings; sourceTree = "<group>"; };
		AF0EC16827EDDD5F002F7E7F /* pl */ = {isa = PBXFileReference; lastKnownFileType = text.plist.strings; name = pl; path = pl.lproj/Localizable.strings; sourceTree = "<group>"; };
		AF0EC16927EDF7A5002F7E7F /* pl.xcloc */ = {isa = PBXFileReference; lastKnownFileType = wrapper; name = pl.xcloc; path = "Fuel It Localizations/pl.xcloc"; sourceTree = "<group>"; };
		AF0EC16A27EDF7A5002F7E7F /* en.xcloc */ = {isa = PBXFileReference; lastKnownFileType = wrapper; name = en.xcloc; path = "Fuel It Localizations/en.xcloc"; sourceTree = "<group>"; };
		AF0EC16D27F3853C002F7E7F /* PetrolStationController.swift */ = {isa = PBXFileReference; lastKnownFileType = sourcecode.swift; path = PetrolStationController.swift; sourceTree = "<group>"; };
		AF0EC16F27F38607002F7E7F /* DataOperationController.swift */ = {isa = PBXFileReference; lastKnownFileType = sourcecode.swift; path = DataOperationController.swift; sourceTree = "<group>"; };
		AF5AA93D27E4DAC40055F79B /* Fuel-It-Info.plist */ = {isa = PBXFileReference; lastKnownFileType = text.plist; path = "Fuel-It-Info.plist"; sourceTree = SOURCE_ROOT; };
		AFB8AD8E27D9111F00EBB37B /* Fuel It.app */ = {isa = PBXFileReference; explicitFileType = wrapper.application; includeInIndex = 0; path = "Fuel It.app"; sourceTree = BUILT_PRODUCTS_DIR; };
		AFB8AD9127D9111F00EBB37B /* Fuel_ItApp.swift */ = {isa = PBXFileReference; lastKnownFileType = sourcecode.swift; path = Fuel_ItApp.swift; sourceTree = "<group>"; };
		AFB8AD9327D9111F00EBB37B /* ContentView.swift */ = {isa = PBXFileReference; lastKnownFileType = sourcecode.swift; path = ContentView.swift; sourceTree = "<group>"; };
		AFB8AD9527D9111F00EBB37B /* Assets.xcassets */ = {isa = PBXFileReference; lastKnownFileType = folder.assetcatalog; path = Assets.xcassets; sourceTree = "<group>"; };
		AFB8AD9827D9111F00EBB37B /* Preview Assets.xcassets */ = {isa = PBXFileReference; lastKnownFileType = folder.assetcatalog; path = "Preview Assets.xcassets"; sourceTree = "<group>"; };
		AFB8AD9A27D9111F00EBB37B /* Persistence.swift */ = {isa = PBXFileReference; lastKnownFileType = sourcecode.swift; path = Persistence.swift; sourceTree = "<group>"; };
		AFB8AD9D27D9111F00EBB37B /* Fuel_It.xcdatamodel */ = {isa = PBXFileReference; lastKnownFileType = wrapper.xcdatamodel; path = Fuel_It.xcdatamodel; sourceTree = "<group>"; };
		AFB8ADA427D9118300EBB37B /* Fuel It.entitlements */ = {isa = PBXFileReference; lastKnownFileType = text.plist.entitlements; path = "Fuel It.entitlements"; sourceTree = "<group>"; };
		AFB8ADA627D9118300EBB37B /* HealthKit.framework */ = {isa = PBXFileReference; lastKnownFileType = wrapper.framework; name = HealthKit.framework; path = System/Library/Frameworks/HealthKit.framework; sourceTree = SDKROOT; };
		AFB8ADA827D9194300EBB37B /* HomeView.swift */ = {isa = PBXFileReference; lastKnownFileType = sourcecode.swift; path = HomeView.swift; sourceTree = "<group>"; };
		AFB8ADAA27D9453600EBB37B /* SettingsView.swift */ = {isa = PBXFileReference; lastKnownFileType = sourcecode.swift; path = SettingsView.swift; sourceTree = "<group>"; };
		AFB8ADAC27D9475D00EBB37B /* NearbyView.swift */ = {isa = PBXFileReference; lastKnownFileType = sourcecode.swift; path = NearbyView.swift; sourceTree = "<group>"; };
		AFE7E25B27DCB18C00D1EF15 /* CloudKit.framework */ = {isa = PBXFileReference; lastKnownFileType = wrapper.framework; name = CloudKit.framework; path = System/Library/Frameworks/CloudKit.framework; sourceTree = SDKROOT; };
		AFE7E26827DCB96500D1EF15 /* GoogleService-Info.plist */ = {isa = PBXFileReference; fileEncoding = 4; lastKnownFileType = text.plist.xml; name = "GoogleService-Info.plist"; path = "../../../../Downloads/GoogleService-Info.plist"; sourceTree = "<group>"; };
		AFE7E27D27DCBED600D1EF15 /* PetrolStation.swift */ = {isa = PBXFileReference; lastKnownFileType = sourcecode.swift; path = PetrolStation.swift; sourceTree = "<group>"; };
		AFE7E28127DD264E00D1EF15 /* StationDetailView.swift */ = {isa = PBXFileReference; lastKnownFileType = sourcecode.swift; path = StationDetailView.swift; sourceTree = "<group>"; };
		AFE7E28727DD341C00D1EF15 /* data.txt */ = {isa = PBXFileReference; fileEncoding = 4; lastKnownFileType = text; name = data.txt; path = ../../data.txt; sourceTree = "<group>"; };
		AFE7E28927DD49DC00D1EF15 /* EditFuelPricesView.swift */ = {isa = PBXFileReference; lastKnownFileType = sourcecode.swift; path = EditFuelPricesView.swift; sourceTree = "<group>"; };
/* End PBXFileReference section */

/* Begin PBXFrameworksBuildPhase section */
		AFB8AD8B27D9111F00EBB37B /* Frameworks */ = {
			isa = PBXFrameworksBuildPhase;
			buildActionMask = 2147483647;
			files = (
				AF3C1FEB283625E3004C15D1 /* FirebaseFirestoreSwift in Frameworks */,
				AF3C1FE7283625E3004C15D1 /* FirebaseDatabaseSwift in Frameworks */,
				AF3C1FE9283625E3004C15D1 /* FirebaseFirestore in Frameworks */,
				AF3C1FE5283625E3004C15D1 /* FirebaseDatabase in Frameworks */,
				AF3C1FE3283625E3004C15D1 /* FirebaseAuth in Frameworks */,
				AF3C1FED283625E3004C15D1 /* FirebaseStorage in Frameworks */,
			);
			runOnlyForDeploymentPostprocessing = 0;
		};
/* End PBXFrameworksBuildPhase section */

/* Begin PBXGroup section */
		AF0EC17127F386F3002F7E7F /* Controller */ = {
			isa = PBXGroup;
			children = (
				AF0EC16D27F3853C002F7E7F /* PetrolStationController.swift */,
				AF0EC16F27F38607002F7E7F /* DataOperationController.swift */,
			);
			path = Controller;
			sourceTree = "<group>";
		};
		AFB8AD8527D9111F00EBB37B = {
			isa = PBXGroup;
			children = (
				AF0EC16327EDDCB8002F7E7F /* en.xcloc */,
				AF0EC16127EDDC24002F7E7F /* pl.xcloc */,
				AFB8AD9027D9111F00EBB37B /* Fuel It */,
				AFB8AD8F27D9111F00EBB37B /* Products */,
				AFB8ADA527D9118300EBB37B /* Frameworks */,
			);
			sourceTree = "<group>";
		};
		AFB8AD8F27D9111F00EBB37B /* Products */ = {
			isa = PBXGroup;
			children = (
				AFB8AD8E27D9111F00EBB37B /* Fuel It.app */,
			);
			name = Products;
			sourceTree = "<group>";
		};
		AFB8AD9027D9111F00EBB37B /* Fuel It */ = {
			isa = PBXGroup;
			children = (
				AF5AA93D27E4DAC40055F79B /* Fuel-It-Info.plist */,
				AF0EC16527EDDD2C002F7E7F /* Localizable.strings */,
				AFE7E28727DD341C00D1EF15 /* data.txt */,
				AFE7E26827DCB96500D1EF15 /* GoogleService-Info.plist */,
				AFE7E26327DCB24D00D1EF15 /* Views */,
				AFB8ADA427D9118300EBB37B /* Fuel It.entitlements */,
				AFB8AD9127D9111F00EBB37B /* Fuel_ItApp.swift */,
				AFE7E28327DD286D00D1EF15 /* Model */,
				AFB8AD9527D9111F00EBB37B /* Assets.xcassets */,
				AFB8AD9A27D9111F00EBB37B /* Persistence.swift */,
				AFB8AD9C27D9111F00EBB37B /* Fuel_It.xcdatamodeld */,
				AFB8AD9727D9111F00EBB37B /* Preview Content */,
				AF0EC17127F386F3002F7E7F /* Controller */,
			);
			path = "Fuel It";
			sourceTree = "<group>";
		};
		AFB8AD9727D9111F00EBB37B /* Preview Content */ = {
			isa = PBXGroup;
			children = (
				AFB8AD9827D9111F00EBB37B /* Preview Assets.xcassets */,
			);
			path = "Preview Content";
			sourceTree = "<group>";
		};
		AFB8ADA527D9118300EBB37B /* Frameworks */ = {
			isa = PBXGroup;
			children = (
				AFE7E25B27DCB18C00D1EF15 /* CloudKit.framework */,
				AFB8ADA627D9118300EBB37B /* HealthKit.framework */,
			);
			name = Frameworks;
			sourceTree = "<group>";
		};
		AFE7E26327DCB24D00D1EF15 /* Views */ = {
			isa = PBXGroup;
			children = (
				AFB8AD9327D9111F00EBB37B /* ContentView.swift */,
				AFB8ADAC27D9475D00EBB37B /* NearbyView.swift */,
				AFE7E28127DD264E00D1EF15 /* StationDetailView.swift */,
				AFE7E28927DD49DC00D1EF15 /* EditFuelPricesView.swift */,
				AFB8ADAA27D9453600EBB37B /* SettingsView.swift */,
				AF0EC15E27ED0146002F7E7F /* AddStationView.swift */,
				AFB8ADA827D9194300EBB37B /* HomeView.swift */,
				AF0EC16A27EDF7A5002F7E7F /* en.xcloc */,
				AF0EC16927EDF7A5002F7E7F /* pl.xcloc */,
			);
			path = Views;
			sourceTree = "<group>";
		};
		AFE7E28327DD286D00D1EF15 /* Model */ = {
			isa = PBXGroup;
			children = (
				AF0EC12027E91D2E002F7E7F /* LocalNotificationManager.swift */,
				AFE7E27D27DCBED600D1EF15 /* PetrolStation.swift */,
			);
			path = Model;
			sourceTree = "<group>";
		};
/* End PBXGroup section */

/* Begin PBXNativeTarget section */
		AFB8AD8D27D9111F00EBB37B /* Fuel It */ = {
			isa = PBXNativeTarget;
			buildConfigurationList = AFB8ADA127D9111F00EBB37B /* Build configuration list for PBXNativeTarget "Fuel It" */;
			buildPhases = (
				AFB8AD8A27D9111F00EBB37B /* Sources */,
				AFB8AD8B27D9111F00EBB37B /* Frameworks */,
				AFB8AD8C27D9111F00EBB37B /* Resources */,
			);
			buildRules = (
			);
			dependencies = (
			);
			name = "Fuel It";
			packageProductDependencies = (
				AF3C1FE2283625E3004C15D1 /* FirebaseAuth */,
				AF3C1FE4283625E3004C15D1 /* FirebaseDatabase */,
				AF3C1FE6283625E3004C15D1 /* FirebaseDatabaseSwift */,
				AF3C1FE8283625E3004C15D1 /* FirebaseFirestore */,
				AF3C1FEA283625E3004C15D1 /* FirebaseFirestoreSwift */,
				AF3C1FEC283625E3004C15D1 /* FirebaseStorage */,
			);
			productName = "Fuel It";
			productReference = AFB8AD8E27D9111F00EBB37B /* Fuel It.app */;
			productType = "com.apple.product-type.application";
		};
/* End PBXNativeTarget section */

/* Begin PBXProject section */
		AFB8AD8627D9111F00EBB37B /* Project object */ = {
			isa = PBXProject;
			attributes = {
				BuildIndependentTargetsInParallel = 1;
				LastSwiftUpdateCheck = 1320;
				LastUpgradeCheck = 1320;
				TargetAttributes = {
					AFB8AD8D27D9111F00EBB37B = {
						CreatedOnToolsVersion = 13.2.1;
					};
				};
			};
			buildConfigurationList = AFB8AD8927D9111F00EBB37B /* Build configuration list for PBXProject "Fuel It" */;
			compatibilityVersion = "Xcode 13.0";
			developmentRegion = en;
			hasScannedForEncodings = 0;
			knownRegions = (
				en,
				Base,
				pl,
			);
			mainGroup = AFB8AD8527D9111F00EBB37B;
			packageReferences = (
				AF3C1FE1283625E3004C15D1 /* XCRemoteSwiftPackageReference "firebase-ios-sdk" */,
			);
			productRefGroup = AFB8AD8F27D9111F00EBB37B /* Products */;
			projectDirPath = "";
			projectRoot = "";
			targets = (
				AFB8AD8D27D9111F00EBB37B /* Fuel It */,
			);
		};
/* End PBXProject section */

/* Begin PBXResourcesBuildPhase section */
		AFB8AD8C27D9111F00EBB37B /* Resources */ = {
			isa = PBXResourcesBuildPhase;
			buildActionMask = 2147483647;
			files = (
				AFB8AD9927D9111F00EBB37B /* Preview Assets.xcassets in Resources */,
				AF0EC16227EDDC24002F7E7F /* pl.xcloc in Resources */,
				AFB8AD9627D9111F00EBB37B /* Assets.xcassets in Resources */,
				AF0EC16B27EDF7A5002F7E7F /* pl.xcloc in Resources */,
				AF0EC16727EDDD2C002F7E7F /* Localizable.strings in Resources */,
				AFE7E28827DD341C00D1EF15 /* data.txt in Resources */,
				AF0EC16427EDDCB8002F7E7F /* en.xcloc in Resources */,
				AF0EC16C27EDF7A5002F7E7F /* en.xcloc in Resources */,
				AFE7E26927DCB96500D1EF15 /* GoogleService-Info.plist in Resources */,
			);
			runOnlyForDeploymentPostprocessing = 0;
		};
/* End PBXResourcesBuildPhase section */

/* Begin PBXSourcesBuildPhase section */
		AFB8AD8A27D9111F00EBB37B /* Sources */ = {
			isa = PBXSourcesBuildPhase;
			buildActionMask = 2147483647;
			files = (
				AFB8ADA927D9194300EBB37B /* HomeView.swift in Sources */,
				AFB8AD9E27D9111F00EBB37B /* Fuel_It.xcdatamodeld in Sources */,
				AF0EC16E27F3853C002F7E7F /* PetrolStationController.swift in Sources */,
				AFB8AD9B27D9111F00EBB37B /* Persistence.swift in Sources */,
				AF0EC12127E91D2E002F7E7F /* LocalNotificationManager.swift in Sources */,
				AFB8ADAB27D9453600EBB37B /* SettingsView.swift in Sources */,
				AF0EC17027F38607002F7E7F /* DataOperationController.swift in Sources */,
				AFE7E28227DD264E00D1EF15 /* StationDetailView.swift in Sources */,
				AFB8AD9427D9111F00EBB37B /* ContentView.swift in Sources */,
				AFE7E28A27DD49DC00D1EF15 /* EditFuelPricesView.swift in Sources */,
				AF0EC15F27ED0146002F7E7F /* AddStationView.swift in Sources */,
				AFB8ADAD27D9475D00EBB37B /* NearbyView.swift in Sources */,
				AFE7E27E27DCBED600D1EF15 /* PetrolStation.swift in Sources */,
				AFB8AD9227D9111F00EBB37B /* Fuel_ItApp.swift in Sources */,
			);
			runOnlyForDeploymentPostprocessing = 0;
		};
/* End PBXSourcesBuildPhase section */

/* Begin PBXVariantGroup section */
		AF0EC16527EDDD2C002F7E7F /* Localizable.strings */ = {
			isa = PBXVariantGroup;
			children = (
				AF0EC16627EDDD2C002F7E7F /* en */,
				AF0EC16827EDDD5F002F7E7F /* pl */,
			);
			name = Localizable.strings;
			path = ..;
			sourceTree = "<group>";
		};
/* End PBXVariantGroup section */

/* Begin XCBuildConfiguration section */
		AFB8AD9F27D9111F00EBB37B /* Debug */ = {
			isa = XCBuildConfiguration;
			buildSettings = {
				ALWAYS_SEARCH_USER_PATHS = NO;
				CLANG_ANALYZER_NONNULL = YES;
				CLANG_ANALYZER_NUMBER_OBJECT_CONVERSION = YES_AGGRESSIVE;
				CLANG_CXX_LANGUAGE_STANDARD = "gnu++17";
				CLANG_CXX_LIBRARY = "libc++";
				CLANG_ENABLE_MODULES = YES;
				CLANG_ENABLE_OBJC_ARC = YES;
				CLANG_ENABLE_OBJC_WEAK = YES;
				CLANG_WARN_BLOCK_CAPTURE_AUTORELEASING = YES;
				CLANG_WARN_BOOL_CONVERSION = YES;
				CLANG_WARN_COMMA = YES;
				CLANG_WARN_CONSTANT_CONVERSION = YES;
				CLANG_WARN_DEPRECATED_OBJC_IMPLEMENTATIONS = YES;
				CLANG_WARN_DIRECT_OBJC_ISA_USAGE = YES_ERROR;
				CLANG_WARN_DOCUMENTATION_COMMENTS = YES;
				CLANG_WARN_EMPTY_BODY = YES;
				CLANG_WARN_ENUM_CONVERSION = YES;
				CLANG_WARN_INFINITE_RECURSION = YES;
				CLANG_WARN_INT_CONVERSION = YES;
				CLANG_WARN_NON_LITERAL_NULL_CONVERSION = YES;
				CLANG_WARN_OBJC_IMPLICIT_RETAIN_SELF = YES;
				CLANG_WARN_OBJC_LITERAL_CONVERSION = YES;
				CLANG_WARN_OBJC_ROOT_CLASS = YES_ERROR;
				CLANG_WARN_QUOTED_INCLUDE_IN_FRAMEWORK_HEADER = YES;
				CLANG_WARN_RANGE_LOOP_ANALYSIS = YES;
				CLANG_WARN_STRICT_PROTOTYPES = YES;
				CLANG_WARN_SUSPICIOUS_MOVE = YES;
				CLANG_WARN_UNGUARDED_AVAILABILITY = YES_AGGRESSIVE;
				CLANG_WARN_UNREACHABLE_CODE = YES;
				CLANG_WARN__DUPLICATE_METHOD_MATCH = YES;
				COPY_PHASE_STRIP = NO;
				DEBUG_INFORMATION_FORMAT = dwarf;
				ENABLE_STRICT_OBJC_MSGSEND = YES;
				ENABLE_TESTABILITY = YES;
				GCC_C_LANGUAGE_STANDARD = gnu11;
				GCC_DYNAMIC_NO_PIC = NO;
				GCC_NO_COMMON_BLOCKS = YES;
				GCC_OPTIMIZATION_LEVEL = 0;
				GCC_PREPROCESSOR_DEFINITIONS = (
					"DEBUG=1",
					"$(inherited)",
				);
				GCC_WARN_64_TO_32_BIT_CONVERSION = YES;
				GCC_WARN_ABOUT_RETURN_TYPE = YES_ERROR;
				GCC_WARN_UNDECLARED_SELECTOR = YES;
				GCC_WARN_UNINITIALIZED_AUTOS = YES_AGGRESSIVE;
				GCC_WARN_UNUSED_FUNCTION = YES;
				GCC_WARN_UNUSED_VARIABLE = YES;
				IPHONEOS_DEPLOYMENT_TARGET = 15.2;
				MTL_ENABLE_DEBUG_INFO = INCLUDE_SOURCE;
				MTL_FAST_MATH = YES;
				ONLY_ACTIVE_ARCH = YES;
				SDKROOT = iphoneos;
				SWIFT_ACTIVE_COMPILATION_CONDITIONS = DEBUG;
				SWIFT_OPTIMIZATION_LEVEL = "-Onone";
			};
			name = Debug;
		};
		AFB8ADA027D9111F00EBB37B /* Release */ = {
			isa = XCBuildConfiguration;
			buildSettings = {
				ALWAYS_SEARCH_USER_PATHS = NO;
				CLANG_ANALYZER_NONNULL = YES;
				CLANG_ANALYZER_NUMBER_OBJECT_CONVERSION = YES_AGGRESSIVE;
				CLANG_CXX_LANGUAGE_STANDARD = "gnu++17";
				CLANG_CXX_LIBRARY = "libc++";
				CLANG_ENABLE_MODULES = YES;
				CLANG_ENABLE_OBJC_ARC = YES;
				CLANG_ENABLE_OBJC_WEAK = YES;
				CLANG_WARN_BLOCK_CAPTURE_AUTORELEASING = YES;
				CLANG_WARN_BOOL_CONVERSION = YES;
				CLANG_WARN_COMMA = YES;
				CLANG_WARN_CONSTANT_CONVERSION = YES;
				CLANG_WARN_DEPRECATED_OBJC_IMPLEMENTATIONS = YES;
				CLANG_WARN_DIRECT_OBJC_ISA_USAGE = YES_ERROR;
				CLANG_WARN_DOCUMENTATION_COMMENTS = YES;
				CLANG_WARN_EMPTY_BODY = YES;
				CLANG_WARN_ENUM_CONVERSION = YES;
				CLANG_WARN_INFINITE_RECURSION = YES;
				CLANG_WARN_INT_CONVERSION = YES;
				CLANG_WARN_NON_LITERAL_NULL_CONVERSION = YES;
				CLANG_WARN_OBJC_IMPLICIT_RETAIN_SELF = YES;
				CLANG_WARN_OBJC_LITERAL_CONVERSION = YES;
				CLANG_WARN_OBJC_ROOT_CLASS = YES_ERROR;
				CLANG_WARN_QUOTED_INCLUDE_IN_FRAMEWORK_HEADER = YES;
				CLANG_WARN_RANGE_LOOP_ANALYSIS = YES;
				CLANG_WARN_STRICT_PROTOTYPES = YES;
				CLANG_WARN_SUSPICIOUS_MOVE = YES;
				CLANG_WARN_UNGUARDED_AVAILABILITY = YES_AGGRESSIVE;
				CLANG_WARN_UNREACHABLE_CODE = YES;
				CLANG_WARN__DUPLICATE_METHOD_MATCH = YES;
				COPY_PHASE_STRIP = NO;
				DEBUG_INFORMATION_FORMAT = "dwarf-with-dsym";
				ENABLE_NS_ASSERTIONS = NO;
				ENABLE_STRICT_OBJC_MSGSEND = YES;
				GCC_C_LANGUAGE_STANDARD = gnu11;
				GCC_NO_COMMON_BLOCKS = YES;
				GCC_WARN_64_TO_32_BIT_CONVERSION = YES;
				GCC_WARN_ABOUT_RETURN_TYPE = YES_ERROR;
				GCC_WARN_UNDECLARED_SELECTOR = YES;
				GCC_WARN_UNINITIALIZED_AUTOS = YES_AGGRESSIVE;
				GCC_WARN_UNUSED_FUNCTION = YES;
				GCC_WARN_UNUSED_VARIABLE = YES;
				IPHONEOS_DEPLOYMENT_TARGET = 15.2;
				MTL_ENABLE_DEBUG_INFO = NO;
				MTL_FAST_MATH = YES;
				SDKROOT = iphoneos;
				SWIFT_COMPILATION_MODE = wholemodule;
				SWIFT_OPTIMIZATION_LEVEL = "-O";
				VALIDATE_PRODUCT = YES;
			};
			name = Release;
		};
		AFB8ADA227D9111F00EBB37B /* Debug */ = {
			isa = XCBuildConfiguration;
			buildSettings = {
				ASSETCATALOG_COMPILER_APPICON_NAME = AppIcon;
				ASSETCATALOG_COMPILER_GLOBAL_ACCENT_COLOR_NAME = AccentColor;
				CODE_SIGN_ENTITLEMENTS = "Fuel It/Fuel It.entitlements";
				CODE_SIGN_STYLE = Automatic;
				CURRENT_PROJECT_VERSION = 1;
				DEVELOPMENT_ASSET_PATHS = "\"Fuel It/Preview Content\"";
				DEVELOPMENT_TEAM = FFX3AHD54N;
				ENABLE_PREVIEWS = YES;
				GENERATE_INFOPLIST_FILE = YES;
				INFOPLIST_FILE = "Fuel-It-Info.plist";
				INFOPLIST_KEY_NSLocationWhenInUseUsageDescription = "We need your location to show nearby petrol stations";
				INFOPLIST_KEY_UIApplicationSceneManifest_Generation = YES;
				INFOPLIST_KEY_UIApplicationSupportsIndirectInputEvents = YES;
				INFOPLIST_KEY_UISupportedInterfaceOrientations = UIInterfaceOrientationPortrait;
				INFOPLIST_KEY_UISupportedInterfaceOrientations_iPad = "UIInterfaceOrientationPortrait UIInterfaceOrientationPortraitUpsideDown UIInterfaceOrientationLandscapeLeft UIInterfaceOrientationLandscapeRight";
				INFOPLIST_KEY_UISupportedInterfaceOrientations_iPhone = "UIInterfaceOrientationPortrait UIInterfaceOrientationLandscapeLeft UIInterfaceOrientationLandscapeRight";
				LD_RUNPATH_SEARCH_PATHS = (
					"$(inherited)",
					"@executable_path/Frameworks",
				);
				MARKETING_VERSION = 1.0;
				PRODUCT_BUNDLE_IDENTIFIER = "SmartSoftPlus.Fuel-It";
				PRODUCT_NAME = "$(TARGET_NAME)";
				SWIFT_EMIT_LOC_STRINGS = YES;
				SWIFT_VERSION = 5.0;
				TARGETED_DEVICE_FAMILY = 1;
			};
			name = Debug;
		};
		AFB8ADA327D9111F00EBB37B /* Release */ = {
			isa = XCBuildConfiguration;
			buildSettings = {
				ASSETCATALOG_COMPILER_APPICON_NAME = AppIcon;
				ASSETCATALOG_COMPILER_GLOBAL_ACCENT_COLOR_NAME = AccentColor;
				CODE_SIGN_ENTITLEMENTS = "Fuel It/Fuel It.entitlements";
				CODE_SIGN_STYLE = Automatic;
				CURRENT_PROJECT_VERSION = 1;
				DEVELOPMENT_ASSET_PATHS = "\"Fuel It/Preview Content\"";
				DEVELOPMENT_TEAM = FFX3AHD54N;
				ENABLE_PREVIEWS = YES;
				GENERATE_INFOPLIST_FILE = YES;
				INFOPLIST_FILE = "Fuel-It-Info.plist";
				INFOPLIST_KEY_NSLocationWhenInUseUsageDescription = "We need your location to show nearby petrol stations";
				INFOPLIST_KEY_UIApplicationSceneManifest_Generation = YES;
				INFOPLIST_KEY_UIApplicationSupportsIndirectInputEvents = YES;
				INFOPLIST_KEY_UISupportedInterfaceOrientations = UIInterfaceOrientationPortrait;
				INFOPLIST_KEY_UISupportedInterfaceOrientations_iPad = "UIInterfaceOrientationPortrait UIInterfaceOrientationPortraitUpsideDown UIInterfaceOrientationLandscapeLeft UIInterfaceOrientationLandscapeRight";
				INFOPLIST_KEY_UISupportedInterfaceOrientations_iPhone = "UIInterfaceOrientationPortrait UIInterfaceOrientationLandscapeLeft UIInterfaceOrientationLandscapeRight";
				LD_RUNPATH_SEARCH_PATHS = (
					"$(inherited)",
					"@executable_path/Frameworks",
				);
				MARKETING_VERSION = 1.0;
				PRODUCT_BUNDLE_IDENTIFIER = "SmartSoftPlus.Fuel-It";
				PRODUCT_NAME = "$(TARGET_NAME)";
				SWIFT_EMIT_LOC_STRINGS = YES;
				SWIFT_VERSION = 5.0;
				TARGETED_DEVICE_FAMILY = 1;
			};
			name = Release;
		};
/* End XCBuildConfiguration section */

/* Begin XCConfigurationList section */
		AFB8AD8927D9111F00EBB37B /* Build configuration list for PBXProject "Fuel It" */ = {
			isa = XCConfigurationList;
			buildConfigurations = (
				AFB8AD9F27D9111F00EBB37B /* Debug */,
				AFB8ADA027D9111F00EBB37B /* Release */,
			);
			defaultConfigurationIsVisible = 0;
			defaultConfigurationName = Release;
		};
		AFB8ADA127D9111F00EBB37B /* Build configuration list for PBXNativeTarget "Fuel It" */ = {
			isa = XCConfigurationList;
			buildConfigurations = (
				AFB8ADA227D9111F00EBB37B /* Debug */,
				AFB8ADA327D9111F00EBB37B /* Release */,
			);
			defaultConfigurationIsVisible = 0;
			defaultConfigurationName = Release;
		};
/* End XCConfigurationList section */

/* Begin XCRemoteSwiftPackageReference section */
		AF3C1FE1283625E3004C15D1 /* XCRemoteSwiftPackageReference "firebase-ios-sdk" */ = {
			isa = XCRemoteSwiftPackageReference;
			repositoryURL = "https://github.com/firebase/firebase-ios-sdk.git";
			requirement = {
				kind = upToNextMajorVersion;
				minimumVersion = 9.0.0;
			};
		};
/* End XCRemoteSwiftPackageReference section */

/* Begin XCSwiftPackageProductDependency section */
		AF3C1FE2283625E3004C15D1 /* FirebaseAuth */ = {
			isa = XCSwiftPackageProductDependency;
			package = AF3C1FE1283625E3004C15D1 /* XCRemoteSwiftPackageReference "firebase-ios-sdk" */;
			productName = FirebaseAuth;
		};
		AF3C1FE4283625E3004C15D1 /* FirebaseDatabase */ = {
			isa = XCSwiftPackageProductDependency;
			package = AF3C1FE1283625E3004C15D1 /* XCRemoteSwiftPackageReference "firebase-ios-sdk" */;
			productName = FirebaseDatabase;
		};
		AF3C1FE6283625E3004C15D1 /* FirebaseDatabaseSwift */ = {
			isa = XCSwiftPackageProductDependency;
			package = AF3C1FE1283625E3004C15D1 /* XCRemoteSwiftPackageReference "firebase-ios-sdk" */;
			productName = FirebaseDatabaseSwift;
		};
		AF3C1FE8283625E3004C15D1 /* FirebaseFirestore */ = {
			isa = XCSwiftPackageProductDependency;
			package = AF3C1FE1283625E3004C15D1 /* XCRemoteSwiftPackageReference "firebase-ios-sdk" */;
			productName = FirebaseFirestore;
		};
		AF3C1FEA283625E3004C15D1 /* FirebaseFirestoreSwift */ = {
			isa = XCSwiftPackageProductDependency;
			package = AF3C1FE1283625E3004C15D1 /* XCRemoteSwiftPackageReference "firebase-ios-sdk" */;
			productName = FirebaseFirestoreSwift;
		};
		AF3C1FEC283625E3004C15D1 /* FirebaseStorage */ = {
			isa = XCSwiftPackageProductDependency;
			package = AF3C1FE1283625E3004C15D1 /* XCRemoteSwiftPackageReference "firebase-ios-sdk" */;
			productName = FirebaseStorage;
		};
/* End XCSwiftPackageProductDependency section */

/* Begin XCVersionGroup section */
		AFB8AD9C27D9111F00EBB37B /* Fuel_It.xcdatamodeld */ = {
			isa = XCVersionGroup;
			children = (
				AFB8AD9D27D9111F00EBB37B /* Fuel_It.xcdatamodel */,
			);
			currentVersion = AFB8AD9D27D9111F00EBB37B /* Fuel_It.xcdatamodel */;
			path = Fuel_It.xcdatamodeld;
			sourceTree = "<group>";
			versionGroupType = wrapper.xcdatamodel;
		};
/* End XCVersionGroup section */
	};
	rootObject = AFB8AD8627D9111F00EBB37B /* Project object */;
}
